
Microsoft Visual Studio Solution File, Format Version 12.00
# Visual Studio Version 16
VisualStudioVersion = 16.0.30011.22
MinimumVisualStudioVersion = 10.0.40219.1
Project("{9A19103F-16F7-4668-BE54-9A1E7A4F7556}") = "Lab 2.5", "Lab 2.5\Lab 2.5.csproj", "{7873379A-2639-43B9-B07D-604B9CD7D8A7}"
EndProject
Project("{2150E333-8FDC-42A3-9474-1A3956D46DE8}") = "Solution Items", "Solution Items", "{EBBBCBE0-A8E9-45D4-B73C-D82F06430659}"
	ProjectSection(SolutionItems) = preProject
		.travis.yml = .travis.yml
	EndProjectSection
EndProject
Global
	GlobalSection(SolutionConfigurationPlatforms) = preSolution
		Debug|Any CPU = Debug|Any CPU
		Release|Any CPU = Release|Any CPU
	EndGlobalSection
	GlobalSection(ProjectConfigurationPlatforms) = postSolution
		{7873379A-2639-43B9-B07D-604B9CD7D8A7}.Debug|Any CPU.ActiveCfg = Debug|Any CPU
		{7873379A-2639-43B9-B07D-604B9CD7D8A7}.Debug|Any CPU.Build.0 = Debug|Any CPU
		{7873379A-2639-43B9-B07D-604B9CD7D8A7}.Release|Any CPU.ActiveCfg = Release|Any CPU
		{7873379A-2639-43B9-B07D-604B9CD7D8A7}.Release|Any CPU.Build.0 = Release|Any CPU
	EndGlobalSection
	GlobalSection(SolutionProperties) = preSolution
		HideSolutionNode = FALSE
	EndGlobalSection
	GlobalSection(ExtensibilityGlobals) = postSolution
		SolutionGuid = {472399A5-31AB-4399-811F-F7C75B2D86CB}
	EndGlobalSection
EndGlobal
